<?xml version="1.0" encoding="utf-8"?>
<Project ToolsVersion="17.0" xmlns="http://schemas.microsoft.com/developer/msbuild/2003">
  <ItemGroup>
    <CustomBuild Include="C:\Users\justi\Documents\Projects\fuzzing-validators\build-vs\CMakeFiles\93cb922c881499c4b6c345499074a245\generate.stamp.rule">
      <Filter>CMake Rules</Filter>
    </CustomBuild>
  </ItemGroup>
  <ItemGroup>
    <Filter Include="CMake Rules">
      <UniqueIdentifier>{3186EBD2-DC66-32DD-A41A-B6F9DA4B707C}</UniqueIdentifier>
    </Filter>
  </ItemGroup>
</Project>
